
Microsoft Visual Studio Solution File, Format Version 12.00
# Visual Studio 2012
Project("{D954291E-2A0B-460D-934E-DC6B0785DB48}") = "ToolbarCustomFont", "ToolbarCustomFont\ToolbarCustomFont.shproj", "{4A367C80-C523-46D9-9DAC-AB83F9A5C27C}"
EndProject
Project("{FAE04EC0-301F-11D3-BF4B-00C04F79EFBC}") = "ToolbarCustomFont.iOS", "iOS\ToolbarCustomFont.iOS.csproj", "{D2C2A60D-43E3-4E70-AE6D-24B70C0403C8}"
EndProject
Project("{FAE04EC0-301F-11D3-BF4B-00C04F79EFBC}") = "ToolbarCustomFont.Droid", "Droid\ToolbarCustomFont.Droid.csproj", "{3A914269-1BED-4177-B24C-E2B132317E36}"
EndProject
Global
	GlobalSection(SolutionConfigurationPlatforms) = preSolution
		Debug|iPhoneSimulator = Debug|iPhoneSimulator
		Release|iPhone = Release|iPhone
		Release|iPhoneSimulator = Release|iPhoneSimulator
		Debug|iPhone = Debug|iPhone
		Debug|Any CPU = Debug|Any CPU
		Release|Any CPU = Release|Any CPU
	EndGlobalSection
	GlobalSection(ProjectConfigurationPlatforms) = postSolution
		{3A914269-1BED-4177-B24C-E2B132317E36}.Debug|Any CPU.ActiveCfg = Debug|Any CPU
		{3A914269-1BED-4177-B24C-E2B132317E36}.Debug|Any CPU.Build.0 = Debug|Any CPU
		{3A914269-1BED-4177-B24C-E2B132317E36}.Debug|iPhone.ActiveCfg = Debug|Any CPU
		{3A914269-1BED-4177-B24C-E2B132317E36}.Debug|iPhone.Build.0 = Debug|Any CPU
		{3A914269-1BED-4177-B24C-E2B132317E36}.Debug|iPhoneSimulator.ActiveCfg = Debug|Any CPU
		{3A914269-1BED-4177-B24C-E2B132317E36}.Debug|iPhoneSimulator.Build.0 = Debug|Any CPU
		{3A914269-1BED-4177-B24C-E2B132317E36}.Release|Any CPU.ActiveCfg = Release|Any CPU
		{3A914269-1BED-4177-B24C-E2B132317E36}.Release|Any CPU.Build.0 = Release|Any CPU
		{3A914269-1BED-4177-B24C-E2B132317E36}.Release|iPhone.ActiveCfg = Release|Any CPU
		{3A914269-1BED-4177-B24C-E2B132317E36}.Release|iPhone.Build.0 = Release|Any CPU
		{3A914269-1BED-4177-B24C-E2B132317E36}.Release|iPhoneSimulator.ActiveCfg = Release|Any CPU
		{3A914269-1BED-4177-B24C-E2B132317E36}.Release|iPhoneSimulator.Build.0 = Release|Any CPU
		{D2C2A60D-43E3-4E70-AE6D-24B70C0403C8}.Debug|Any CPU.ActiveCfg = Debug|iPhoneSimulator
		{D2C2A60D-43E3-4E70-AE6D-24B70C0403C8}.Debug|Any CPU.Build.0 = Debug|iPhoneSimulator
		{D2C2A60D-43E3-4E70-AE6D-24B70C0403C8}.Debug|iPhone.ActiveCfg = Debug|iPhone
		{D2C2A60D-43E3-4E70-AE6D-24B70C0403C8}.Debug|iPhone.Build.0 = Debug|iPhone
		{D2C2A60D-43E3-4E70-AE6D-24B70C0403C8}.Debug|iPhoneSimulator.ActiveCfg = Debug|iPhoneSimulator
		{D2C2A60D-43E3-4E70-AE6D-24B70C0403C8}.Debug|iPhoneSimulator.Build.0 = Debug|iPhoneSimulator
		{D2C2A60D-43E3-4E70-AE6D-24B70C0403C8}.Release|Any CPU.ActiveCfg = Release|iPhone
		{D2C2A60D-43E3-4E70-AE6D-24B70C0403C8}.Release|Any CPU.Build.0 = Release|iPhone
		{D2C2A60D-43E3-4E70-AE6D-24B70C0403C8}.Release|iPhone.ActiveCfg = Release|iPhone
		{D2C2A60D-43E3-4E70-AE6D-24B70C0403C8}.Release|iPhone.Build.0 = Release|iPhone
		{D2C2A60D-43E3-4E70-AE6D-24B70C0403C8}.Release|iPhoneSimulator.ActiveCfg = Release|iPhoneSimulator
		{D2C2A60D-43E3-4E70-AE6D-24B70C0403C8}.Release|iPhoneSimulator.Build.0 = Release|iPhoneSimulator
	EndGlobalSection
EndGlobal
